
Microsoft Visual Studio Solution File, Format Version 12.00
# Visual Studio Version 17
VisualStudioVersion = 17.7.34024.191
MinimumVisualStudioVersion = 10.0.40219.1
Project("{8BC9CEB8-8B4A-11D0-8D11-00A0C91BC942}") = "Calculatrcie", "Calculatrcie\Calculatrcie.vcxproj", "{459B903F-F325-4D7C-B914-1A106505F826}"
EndProject
Project("{8BC9CEB8-8B4A-11D0-8D11-00A0C91BC942}") = "Hello", "Hello\Hello.vcxproj", "{51191D32-9A15-4649-B573-6B9D74E06459}"
EndProject
Project("{8BC9CEB8-8B4A-11D0-8D11-00A0C91BC942}") = "Alphabet+1", "Alphabet+1\Alphabet+1.vcxproj", "{5DCAC775-672E-4D61-A12C-CEFFCADB1440}"
EndProject
Project("{8BC9CEB8-8B4A-11D0-8D11-00A0C91BC942}") = "EcritureVerlan", "EcritureVerlan\EcritureVerlan.vcxproj", "{45494061-2845-4494-9AA3-1C4A57C8C8F3}"
EndProject
Project("{8BC9CEB8-8B4A-11D0-8D11-00A0C91BC942}") = "NomDeClasse", "NomDeClasse\NomDeClasse.vcxproj", "{69B10B5B-1880-4392-831E-96BAAAC7DA78}"
EndProject
Project("{8BC9CEB8-8B4A-11D0-8D11-00A0C91BC942}") = "NombreDeVoyelle", "NombreDeVoyelle\NombreDeVoyelle.vcxproj", "{435BAD1A-7A71-45EB-81C7-8E0E009F2270}"
EndProject
Project("{8BC9CEB8-8B4A-11D0-8D11-00A0C91BC942}") = "RechercheEspace", "RechercheEspace\RechercheEspace.vcxproj", "{101A012A-BF2B-4D63-A66F-912A822D2FBE}"
EndProject
Project("{8BC9CEB8-8B4A-11D0-8D11-00A0C91BC942}") = "StatusAleatoire", "StatusAleatoire\StatusAleatoire.vcxproj", "{83F3B35C-9B48-4AD7-898A-232D70EE6751}"
EndProject
Project("{8BC9CEB8-8B4A-11D0-8D11-00A0C91BC942}") = "VendingMachine", "VendingMachine\VendingMachine.vcxproj", "{5726F261-E26A-4839-A269-D3D68B2ECEDF}"
EndProject
Global
	GlobalSection(SolutionConfigurationPlatforms) = preSolution
		Debug|x64 = Debug|x64
		Debug|x86 = Debug|x86
		Release|x64 = Release|x64
		Release|x86 = Release|x86
	EndGlobalSection
	GlobalSection(ProjectConfigurationPlatforms) = postSolution
		{459B903F-F325-4D7C-B914-1A106505F826}.Debug|x64.ActiveCfg = Debug|x64
		{459B903F-F325-4D7C-B914-1A106505F826}.Debug|x64.Build.0 = Debug|x64
		{459B903F-F325-4D7C-B914-1A106505F826}.Debug|x86.ActiveCfg = Debug|Win32
		{459B903F-F325-4D7C-B914-1A106505F826}.Debug|x86.Build.0 = Debug|Win32
		{459B903F-F325-4D7C-B914-1A106505F826}.Release|x64.ActiveCfg = Release|x64
		{459B903F-F325-4D7C-B914-1A106505F826}.Release|x64.Build.0 = Release|x64
		{459B903F-F325-4D7C-B914-1A106505F826}.Release|x86.ActiveCfg = Release|Win32
		{459B903F-F325-4D7C-B914-1A106505F826}.Release|x86.Build.0 = Release|Win32
		{51191D32-9A15-4649-B573-6B9D74E06459}.Debug|x64.ActiveCfg = Debug|x64
		{51191D32-9A15-4649-B573-6B9D74E06459}.Debug|x64.Build.0 = Debug|x64
		{51191D32-9A15-4649-B573-6B9D74E06459}.Debug|x86.ActiveCfg = Debug|Win32
		{51191D32-9A15-4649-B573-6B9D74E06459}.Debug|x86.Build.0 = Debug|Win32
		{51191D32-9A15-4649-B573-6B9D74E06459}.Release|x64.ActiveCfg = Release|x64
		{51191D32-9A15-4649-B573-6B9D74E06459}.Release|x64.Build.0 = Release|x64
		{51191D32-9A15-4649-B573-6B9D74E06459}.Release|x86.ActiveCfg = Release|Win32
		{51191D32-9A15-4649-B573-6B9D74E06459}.Release|x86.Build.0 = Release|Win32
		{5DCAC775-672E-4D61-A12C-CEFFCADB1440}.Debug|x64.ActiveCfg = Debug|x64
		{5DCAC775-672E-4D61-A12C-CEFFCADB1440}.Debug|x64.Build.0 = Debug|x64
		{5DCAC775-672E-4D61-A12C-CEFFCADB1440}.Debug|x86.ActiveCfg = Debug|Win32
		{5DCAC775-672E-4D61-A12C-CEFFCADB1440}.Debug|x86.Build.0 = Debug|Win32
		{5DCAC775-672E-4D61-A12C-CEFFCADB1440}.Release|x64.ActiveCfg = Release|x64
		{5DCAC775-672E-4D61-A12C-CEFFCADB1440}.Release|x64.Build.0 = Release|x64
		{5DCAC775-672E-4D61-A12C-CEFFCADB1440}.Release|x86.ActiveCfg = Release|Win32
		{5DCAC775-672E-4D61-A12C-CEFFCADB1440}.Release|x86.Build.0 = Release|Win32
		{45494061-2845-4494-9AA3-1C4A57C8C8F3}.Debug|x64.ActiveCfg = Debug|x64
		{45494061-2845-4494-9AA3-1C4A57C8C8F3}.Debug|x64.Build.0 = Debug|x64
		{45494061-2845-4494-9AA3-1C4A57C8C8F3}.Debug|x86.ActiveCfg = Debug|Win32
		{45494061-2845-4494-9AA3-1C4A57C8C8F3}.Debug|x86.Build.0 = Debug|Win32
		{45494061-2845-4494-9AA3-1C4A57C8C8F3}.Release|x64.ActiveCfg = Release|x64
		{45494061-2845-4494-9AA3-1C4A57C8C8F3}.Release|x64.Build.0 = Release|x64
		{45494061-2845-4494-9AA3-1C4A57C8C8F3}.Release|x86.ActiveCfg = Release|Win32
		{45494061-2845-4494-9AA3-1C4A57C8C8F3}.Release|x86.Build.0 = Release|Win32
		{69B10B5B-1880-4392-831E-96BAAAC7DA78}.Debug|x64.ActiveCfg = Debug|x64
		{69B10B5B-1880-4392-831E-96BAAAC7DA78}.Debug|x64.Build.0 = Debug|x64
		{69B10B5B-1880-4392-831E-96BAAAC7DA78}.Debug|x86.ActiveCfg = Debug|Win32
		{69B10B5B-1880-4392-831E-96BAAAC7DA78}.Debug|x86.Build.0 = Debug|Win32
		{69B10B5B-1880-4392-831E-96BAAAC7DA78}.Release|x64.ActiveCfg = Release|x64
		{69B10B5B-1880-4392-831E-96BAAAC7DA78}.Release|x64.Build.0 = Release|x64
		{69B10B5B-1880-4392-831E-96BAAAC7DA78}.Release|x86.ActiveCfg = Release|Win32
		{69B10B5B-1880-4392-831E-96BAAAC7DA78}.Release|x86.Build.0 = Release|Win32
		{435BAD1A-7A71-45EB-81C7-8E0E009F2270}.Debug|x64.ActiveCfg = Debug|x64
		{435BAD1A-7A71-45EB-81C7-8E0E009F2270}.Debug|x64.Build.0 = Debug|x64
		{435BAD1A-7A71-45EB-81C7-8E0E009F2270}.Debug|x86.ActiveCfg = Debug|Win32
		{435BAD1A-7A71-45EB-81C7-8E0E009F2270}.Debug|x86.Build.0 = Debug|Win32
		{435BAD1A-7A71-45EB-81C7-8E0E009F2270}.Release|x64.ActiveCfg = Release|x64
		{435BAD1A-7A71-45EB-81C7-8E0E009F2270}.Release|x64.Build.0 = Release|x64
		{435BAD1A-7A71-45EB-81C7-8E0E009F2270}.Release|x86.ActiveCfg = Release|Win32
		{435BAD1A-7A71-45EB-81C7-8E0E009F2270}.Release|x86.Build.0 = Release|Win32
		{101A012A-BF2B-4D63-A66F-912A822D2FBE}.Debug|x64.ActiveCfg = Debug|x64
		{101A012A-BF2B-4D63-A66F-912A822D2FBE}.Debug|x64.Build.0 = Debug|x64
		{101A012A-BF2B-4D63-A66F-912A822D2FBE}.Debug|x86.ActiveCfg = Debug|Win32
		{101A012A-BF2B-4D63-A66F-912A822D2FBE}.Debug|x86.Build.0 = Debug|Win32
		{101A012A-BF2B-4D63-A66F-912A822D2FBE}.Release|x64.ActiveCfg = Release|x64
		{101A012A-BF2B-4D63-A66F-912A822D2FBE}.Release|x64.Build.0 = Release|x64
		{101A012A-BF2B-4D63-A66F-912A822D2FBE}.Release|x86.ActiveCfg = Release|Win32
		{101A012A-BF2B-4D63-A66F-912A822D2FBE}.Release|x86.Build.0 = Release|Win32
		{83F3B35C-9B48-4AD7-898A-232D70EE6751}.Debug|x64.ActiveCfg = Debug|x64
		{83F3B35C-9B48-4AD7-898A-232D70EE6751}.Debug|x64.Build.0 = Debug|x64
		{83F3B35C-9B48-4AD7-898A-232D70EE6751}.Debug|x86.ActiveCfg = Debug|Win32
		{83F3B35C-9B48-4AD7-898A-232D70EE6751}.Debug|x86.Build.0 = Debug|Win32
		{83F3B35C-9B48-4AD7-898A-232D70EE6751}.Release|x64.ActiveCfg = Release|x64
		{83F3B35C-9B48-4AD7-898A-232D70EE6751}.Release|x64.Build.0 = Release|x64
		{83F3B35C-9B48-4AD7-898A-232D70EE6751}.Release|x86.ActiveCfg = Release|Win32
		{83F3B35C-9B48-4AD7-898A-232D70EE6751}.Release|x86.Build.0 = Release|Win32
		{5726F261-E26A-4839-A269-D3D68B2ECEDF}.Debug|x64.ActiveCfg = Debug|x64
		{5726F261-E26A-4839-A269-D3D68B2ECEDF}.Debug|x64.Build.0 = Debug|x64
		{5726F261-E26A-4839-A269-D3D68B2ECEDF}.Debug|x86.ActiveCfg = Debug|Win32
		{5726F261-E26A-4839-A269-D3D68B2ECEDF}.Debug|x86.Build.0 = Debug|Win32
		{5726F261-E26A-4839-A269-D3D68B2ECEDF}.Release|x64.ActiveCfg = Release|x64
		{5726F261-E26A-4839-A269-D3D68B2ECEDF}.Release|x64.Build.0 = Release|x64
		{5726F261-E26A-4839-A269-D3D68B2ECEDF}.Release|x86.ActiveCfg = Release|Win32
		{5726F261-E26A-4839-A269-D3D68B2ECEDF}.Release|x86.Build.0 = Release|Win32
	EndGlobalSection
	GlobalSection(SolutionProperties) = preSolution
		HideSolutionNode = FALSE
	EndGlobalSection
	GlobalSection(ExtensibilityGlobals) = postSolution
		SolutionGuid = {42CF9815-2E83-4AA5-B007-A42E21976250}
	EndGlobalSection
EndGlobal
